{
  "name": "bizdir",
  "version": "1.0.0",
  "lockfileVersion": 3,
  "requires": true,
  "packages": {
    "": {
      "name": "bizdir",
      "version": "1.0.0",
      "dependencies": {
        "@telnyx/webrtc": "^2.17.0"
      },
      "engines": {
        "node": ">=18"
      }
    },
    "node_modules/@peermetrics/webrtc-stats": {
      "version": "5.7.1",
      "resolved": "https://registry.npmjs.org/@peermetrics/webrtc-stats/-/webrtc-stats-5.7.1.tgz",
      "integrity": "sha512-yRnGuCBcs4r6JWUt1MgF/FE4+DJonyncuPcij+BYkQt3IO7EcIgHN27pvR989GInPvlT8poNOq70tan1rcaAgw==",
      "license": "MIT",
      "dependencies": {
        "uuid": "8.3.2"
      },
      "engines": {
        "node": ">=8"
      }
    },
    "node_modules/@peermetrics/webrtc-stats/node_modules/uuid": {
      "version": "8.3.2",
      "resolved": "https://registry.npmjs.org/uuid/-/uuid-8.3.2.tgz",
      "integrity": "sha512-+NYs2QeMWy+GWFOEm9xnn6HCDp0l7QBD7ml8zLUmJ+93Q5NF0NocErnwkTkXVFNiX3/fpC6afS8Dhb/gz7R7eg==",
      "license": "MIT",
      "bin": {
        "uuid": "dist/bin/uuid"
      }
    },
    "node_modules/@telnyx/webrtc": {
      "version": "2.25.25",
      "resolved": "https://registry.npmjs.org/@telnyx/webrtc/-/webrtc-2.25.25.tgz",
      "integrity": "sha512-2gZD8G1aVxhVXYFZiaujzCnboxF7ZNv8HkBlkmiUhjt3kJfYgGamXp0a84O2jqX6zcu3ZT4Sy53rfD84r6nmqw==",
      "license": "MIT",
      "dependencies": {
        "@peermetrics/webrtc-stats": "^5.7.1",
        "loglevel": "^1.6.8",
        "uuid": "^7.0.3"
      },
      "engines": {
        "node": ">=14.x"
      }
    },
    "node_modules/loglevel": {
      "version": "1.9.2",
      "resolved": "https://registry.npmjs.org/loglevel/-/loglevel-1.9.2.tgz",
      "integrity": "sha512-HgMmCqIJSAKqo68l0rS2AanEWfkxaZ5wNiEFb5ggm08lDs9Xl2KxBlX3PTcaD2chBM1gXAYf491/M2Rv8Jwayg==",
      "license": "MIT",
      "engines": {
        "node": ">= 0.6.0"
      },
      "funding": {
        "type": "tidelift",
        "url": "https://tidelift.com/funding/github/npm/loglevel"
      }
    },
    "node_modules/uuid": {
      "version": "7.0.3",
      "resolved": "https://registry.npmjs.org/uuid/-/uuid-7.0.3.tgz",
      "integrity": "sha512-DPSke0pXhTZgoF/d+WSt2QaKMCFSfx7QegxEWT+JOuHF5aWrKEn0G+ztjuJg/gG8/ItK+rbPCD/yNv8yyih6Cg==",
      "license": "MIT",
      "bin": {
        "uuid": "dist/bin/uuid"
      }
    }
  }
}
